
Microsoft Visual Studio Solution File, Format Version 12.00
# Visual Studio Version 17
VisualStudioVersion = 17.14.37111.16
MinimumVisualStudioVersion = 10.0.40219.1
Project("{FAE04EC0-301F-11D3-BF4B-00C04F79EFBC}") = "LibrarySystem.Shared", "LibrarySystem.Shared\LibrarySystem.Shared.csproj", "{679D086D-EB3E-45AD-91C1-DCE2E1E469B0}"
EndProject
Project("{FAE04EC0-301F-11D3-BF4B-00C04F79EFBC}") = "LibrarySystem.Backend", "LibrarySystem.Backend\LibrarySystem.Backend.csproj", "{B1DE0DCC-1741-4BB3-934A-6D9280704F84}"
EndProject
Project("{FAE04EC0-301F-11D3-BF4B-00C04F79EFBC}") = "LibrarySystem.Frontend", "LibrarySystem.Frontend\LibrarySystem.Frontend.csproj", "{ED0BBBA9-AD80-42EE-B85D-33790FD58CE3}"
EndProject
Global
	GlobalSection(SolutionConfigurationPlatforms) = preSolution
		Debug|Any CPU = Debug|Any CPU
		Release|Any CPU = Release|Any CPU
	EndGlobalSection
	GlobalSection(ProjectConfigurationPlatforms) = postSolution
		{679D086D-EB3E-45AD-91C1-DCE2E1E469B0}.Debug|Any CPU.ActiveCfg = Debug|Any CPU
		{679D086D-EB3E-45AD-91C1-DCE2E1E469B0}.Debug|Any CPU.Build.0 = Debug|Any CPU
		{679D086D-EB3E-45AD-91C1-DCE2E1E469B0}.Release|Any CPU.ActiveCfg = Release|Any CPU
		{679D086D-EB3E-45AD-91C1-DCE2E1E469B0}.Release|Any CPU.Build.0 = Release|Any CPU
		{B1DE0DCC-1741-4BB3-934A-6D9280704F84}.Debug|Any CPU.ActiveCfg = Debug|Any CPU
		{B1DE0DCC-1741-4BB3-934A-6D9280704F84}.Debug|Any CPU.Build.0 = Debug|Any CPU
		{B1DE0DCC-1741-4BB3-934A-6D9280704F84}.Release|Any CPU.ActiveCfg = Release|Any CPU
		{B1DE0DCC-1741-4BB3-934A-6D9280704F84}.Release|Any CPU.Build.0 = Release|Any CPU
		{ED0BBBA9-AD80-42EE-B85D-33790FD58CE3}.Debug|Any CPU.ActiveCfg = Debug|Any CPU
		{ED0BBBA9-AD80-42EE-B85D-33790FD58CE3}.Debug|Any CPU.Build.0 = Debug|Any CPU
		{ED0BBBA9-AD80-42EE-B85D-33790FD58CE3}.Release|Any CPU.ActiveCfg = Release|Any CPU
		{ED0BBBA9-AD80-42EE-B85D-33790FD58CE3}.Release|Any CPU.Build.0 = Release|Any CPU
	EndGlobalSection
	GlobalSection(SolutionProperties) = preSolution
		HideSolutionNode = FALSE
	EndGlobalSection
	GlobalSection(ExtensibilityGlobals) = postSolution
		SolutionGuid = {DA8BA3EE-AAFF-48CF-B730-68988DA56FF9}
	EndGlobalSection
EndGlobal
